// !$*UTF8*$!
{
	archiveVersion = 1;
	classes = {
	};
	objectVersion = 52;
	objects = {

/* Begin PBXBuildFile section */
		B7AAA7EC252F0084008858D2 /* AppDelegate.swift in Sources */ = {isa = PBXBuildFile; fileRef = B7AAA7EB252F0084008858D2 /* AppDelegate.swift */; };
		B7AAA7EE252F0084008858D2 /* SceneDelegate.swift in Sources */ = {isa = PBXBuildFile; fileRef = B7AAA7ED252F0084008858D2 /* SceneDelegate.swift */; };
		B7AAA7F0252F0084008858D2 /* ViewController.swift in Sources */ = {isa = PBXBuildFile; fileRef = B7AAA7EF252F0084008858D2 /* ViewController.swift */; };
		B7AAA7F3252F0084008858D2 /* Main.storyboard in Resources */ = {isa = PBXBuildFile; fileRef = B7AAA7F1252F0084008858D2 /* Main.storyboard */; };
		B7AAA7F5252F0085008858D2 /* Assets.xcassets in Resources */ = {isa = PBXBuildFile; fileRef = B7AAA7F4252F0085008858D2 /* Assets.xcassets */; };
		B7AAA7F8252F0085008858D2 /* LaunchScreen.storyboard in Resources */ = {isa = PBXBuildFile; fileRef = B7AAA7F6252F0085008858D2 /* LaunchScreen.storyboard */; };
		B7AAA802252F020B008858D2 /* AudioKit in Frameworks */ = {isa = PBXBuildFile; productRef = B7AAA801252F020B008858D2 /* AudioKit */; };
		B7AAA805252F02C0008858D2 /* Tuner.swift in Sources */ = {isa = PBXBuildFile; fileRef = B7AAA804252F02C0008858D2 /* Tuner.swift */; };
		B7F412C525319C5400ABDC1C /* WMGaugeViewStyleFlatThin.m in Sources */ = {isa = PBXBuildFile; fileRef = B7F412BE25319C5400ABDC1C /* WMGaugeViewStyleFlatThin.m */; };
		B7F412C625319C5400ABDC1C /* WMGaugeViewStyle3D.m in Sources */ = {isa = PBXBuildFile; fileRef = B7F412C225319C5400ABDC1C /* WMGaugeViewStyle3D.m */; };
		B7F412C725319C5400ABDC1C /* WMGaugeView.m in Sources */ = {isa = PBXBuildFile; fileRef = B7F412C425319C5400ABDC1C /* WMGaugeView.m */; };
		B7F412CC25319D3A00ABDC1C /* TunerView.swift in Sources */ = {isa = PBXBuildFile; fileRef = B7F412CB25319D3A00ABDC1C /* TunerView.swift */; };
/* End PBXBuildFile section */

/* Begin PBXFileReference section */
		B7AAA7E8252F0084008858D2 /* SimpleTuner.app */ = {isa = PBXFileReference; explicitFileType = wrapper.application; includeInIndex = 0; path = SimpleTuner.app; sourceTree = BUILT_PRODUCTS_DIR; };
		B7AAA7EB252F0084008858D2 /* AppDelegate.swift */ = {isa = PBXFileReference; lastKnownFileType = sourcecode.swift; path = AppDelegate.swift; sourceTree = "<group>"; };
		B7AAA7ED252F0084008858D2 /* SceneDelegate.swift */ = {isa = PBXFileReference; lastKnownFileType = sourcecode.swift; path = SceneDelegate.swift; sourceTree = "<group>"; };
		B7AAA7EF252F0084008858D2 /* ViewController.swift */ = {isa = PBXFileReference; lastKnownFileType = sourcecode.swift; path = ViewController.swift; sourceTree = "<group>"; };
		B7AAA7F2252F0084008858D2 /* Base */ = {isa = PBXFileReference; lastKnownFileType = file.storyboard; name = Base; path = Base.lproj/Main.storyboard; sourceTree = "<group>"; };
		B7AAA7F4252F0085008858D2 /* Assets.xcassets */ = {isa = PBXFileReference; lastKnownFileType = folder.assetcatalog; path = Assets.xcassets; sourceTree = "<group>"; };
		B7AAA7F7252F0085008858D2 /* Base */ = {isa = PBXFileReference; lastKnownFileType = file.storyboard; name = Base; path = Base.lproj/LaunchScreen.storyboard; sourceTree = "<group>"; };
		B7AAA7F9252F0085008858D2 /* Info.plist */ = {isa = PBXFileReference; lastKnownFileType = text.plist.xml; path = Info.plist; sourceTree = "<group>"; };
		B7AAA804252F02C0008858D2 /* Tuner.swift */ = {isa = PBXFileReference; lastKnownFileType = sourcecode.swift; path = Tuner.swift; sourceTree = "<group>"; };
		B7F412BD25319C5400ABDC1C /* SimpleTuner-Bridging-Header.h */ = {isa = PBXFileReference; lastKnownFileType = sourcecode.c.h; path = "SimpleTuner-Bridging-Header.h"; sourceTree = "<group>"; };
		B7F412BE25319C5400ABDC1C /* WMGaugeViewStyleFlatThin.m */ = {isa = PBXFileReference; fileEncoding = 4; lastKnownFileType = sourcecode.c.objc; path = WMGaugeViewStyleFlatThin.m; sourceTree = "<group>"; };
		B7F412BF25319C5400ABDC1C /* WMGaugeView.h */ = {isa = PBXFileReference; fileEncoding = 4; lastKnownFileType = sourcecode.c.h; path = WMGaugeView.h; sourceTree = "<group>"; };
		B7F412C025319C5400ABDC1C /* WMGaugeViewStyle3D.h */ = {isa = PBXFileReference; fileEncoding = 4; lastKnownFileType = sourcecode.c.h; path = WMGaugeViewStyle3D.h; sourceTree = "<group>"; };
		B7F412C125319C5400ABDC1C /* WMGaugeViewStyle.h */ = {isa = PBXFileReference; fileEncoding = 4; lastKnownFileType = sourcecode.c.h; path = WMGaugeViewStyle.h; sourceTree = "<group>"; };
		B7F412C225319C5400ABDC1C /* WMGaugeViewStyle3D.m */ = {isa = PBXFileReference; fileEncoding = 4; lastKnownFileType = sourcecode.c.objc; path = WMGaugeViewStyle3D.m; sourceTree = "<group>"; };
		B7F412C325319C5400ABDC1C /* WMGaugeViewStyleFlatThin.h */ = {isa = PBXFileReference; fileEncoding = 4; lastKnownFileType = sourcecode.c.h; path = WMGaugeViewStyleFlatThin.h; sourceTree = "<group>"; };
		B7F412C425319C5400ABDC1C /* WMGaugeView.m */ = {isa = PBXFileReference; fileEncoding = 4; lastKnownFileType = sourcecode.c.objc; path = WMGaugeView.m; sourceTree = "<group>"; };
		B7F412CB25319D3A00ABDC1C /* TunerView.swift */ = {isa = PBXFileReference; lastKnownFileType = sourcecode.swift; path = TunerView.swift; sourceTree = "<group>"; };
/* End PBXFileReference section */

/* Begin PBXFrameworksBuildPhase section */
		B7AAA7E5252F0084008858D2 /* Frameworks */ = {
			isa = PBXFrameworksBuildPhase;
			buildActionMask = 2147483647;
			files = (
				B7AAA802252F020B008858D2 /* AudioKit in Frameworks */,
			);
			runOnlyForDeploymentPostprocessing = 0;
		};
/* End PBXFrameworksBuildPhase section */

/* Begin PBXGroup section */
		B7AAA7DF252F0084008858D2 = {
			isa = PBXGroup;
			children = (
				B7F412C925319C6500ABDC1C /* WMGaugeView */,
				B7AAA7EA252F0084008858D2 /* SimpleTuner */,
				B7AAA7E9252F0084008858D2 /* Products */,
				B7F412BD25319C5400ABDC1C /* SimpleTuner-Bridging-Header.h */,
			);
			sourceTree = "<group>";
		};
		B7AAA7E9252F0084008858D2 /* Products */ = {
			isa = PBXGroup;
			children = (
				B7AAA7E8252F0084008858D2 /* SimpleTuner.app */,
			);
			name = Products;
			sourceTree = "<group>";
		};
		B7AAA7EA252F0084008858D2 /* SimpleTuner */ = {
			isa = PBXGroup;
			children = (
				B7AAA7EB252F0084008858D2 /* AppDelegate.swift */,
				B7AAA7ED252F0084008858D2 /* SceneDelegate.swift */,
				B7AAA7EF252F0084008858D2 /* ViewController.swift */,
				B7F412CB25319D3A00ABDC1C /* TunerView.swift */,
				B7AAA7F1252F0084008858D2 /* Main.storyboard */,
				B7AAA7F4252F0085008858D2 /* Assets.xcassets */,
				B7AAA7F6252F0085008858D2 /* LaunchScreen.storyboard */,
				B7AAA7F9252F0085008858D2 /* Info.plist */,
				B7AAA804252F02C0008858D2 /* Tuner.swift */,
			);
			path = SimpleTuner;
			sourceTree = "<group>";
		};
		B7F412C925319C6500ABDC1C /* WMGaugeView */ = {
			isa = PBXGroup;
			children = (
				B7F412BF25319C5400ABDC1C /* WMGaugeView.h */,
				B7F412C425319C5400ABDC1C /* WMGaugeView.m */,
				B7F412C125319C5400ABDC1C /* WMGaugeViewStyle.h */,
				B7F412C025319C5400ABDC1C /* WMGaugeViewStyle3D.h */,
				B7F412C225319C5400ABDC1C /* WMGaugeViewStyle3D.m */,
				B7F412C325319C5400ABDC1C /* WMGaugeViewStyleFlatThin.h */,
				B7F412BE25319C5400ABDC1C /* WMGaugeViewStyleFlatThin.m */,
			);
			path = WMGaugeView;
			sourceTree = "<group>";
		};
/* End PBXGroup section */

/* Begin PBXNativeTarget section */
		B7AAA7E7252F0084008858D2 /* SimpleTuner */ = {
			isa = PBXNativeTarget;
			buildConfigurationList = B7AAA7FC252F0085008858D2 /* Build configuration list for PBXNativeTarget "SimpleTuner" */;
			buildPhases = (
				B7AAA7E4252F0084008858D2 /* Sources */,
				B7AAA7E5252F0084008858D2 /* Frameworks */,
				B7AAA7E6252F0084008858D2 /* Resources */,
			);
			buildRules = (
			);
			dependencies = (
			);
			name = SimpleTuner;
			packageProductDependencies = (
				B7AAA801252F020B008858D2 /* AudioKit */,
			);
			productName = SimpleTuner;
			productReference = B7AAA7E8252F0084008858D2 /* SimpleTuner.app */;
			productType = "com.apple.product-type.application";
		};
/* End PBXNativeTarget section */

/* Begin PBXProject section */
		B7AAA7E0252F0084008858D2 /* Project object */ = {
			isa = PBXProject;
			attributes = {
				LastSwiftUpdateCheck = 1200;
				LastUpgradeCheck = 1200;
				TargetAttributes = {
					B7AAA7E7252F0084008858D2 = {
						CreatedOnToolsVersion = 12.0.1;
						LastSwiftMigration = 1200;
					};
				};
			};
			buildConfigurationList = B7AAA7E3252F0084008858D2 /* Build configuration list for PBXProject "SimpleTuner" */;
			compatibilityVersion = "Xcode 9.3";
			developmentRegion = en;
			hasScannedForEncodings = 0;
			knownRegions = (
				en,
				Base,
			);
			mainGroup = B7AAA7DF252F0084008858D2;
			packageReferences = (
				B7AAA800252F020B008858D2 /* XCRemoteSwiftPackageReference "AudioKit" */,
			);
			productRefGroup = B7AAA7E9252F0084008858D2 /* Products */;
			projectDirPath = "";
			projectRoot = "";
			targets = (
				B7AAA7E7252F0084008858D2 /* SimpleTuner */,
			);
		};
/* End PBXProject section */

/* Begin PBXResourcesBuildPhase section */
		B7AAA7E6252F0084008858D2 /* Resources */ = {
			isa = PBXResourcesBuildPhase;
			buildActionMask = 2147483647;
			files = (
				B7AAA7F8252F0085008858D2 /* LaunchScreen.storyboard in Resources */,
				B7AAA7F5252F0085008858D2 /* Assets.xcassets in Resources */,
				B7AAA7F3252F0084008858D2 /* Main.storyboard in Resources */,
			);
			runOnlyForDeploymentPostprocessing = 0;
		};
/* End PBXResourcesBuildPhase section */

/* Begin PBXSourcesBuildPhase section */
		B7AAA7E4252F0084008858D2 /* Sources */ = {
			isa = PBXSourcesBuildPhase;
			buildActionMask = 2147483647;
			files = (
				B7AAA805252F02C0008858D2 /* Tuner.swift in Sources */,
				B7AAA7F0252F0084008858D2 /* ViewController.swift in Sources */,
				B7AAA7EC252F0084008858D2 /* AppDelegate.swift in Sources */,
				B7F412CC25319D3A00ABDC1C /* TunerView.swift in Sources */,
				B7F412C725319C5400ABDC1C /* WMGaugeView.m in Sources */,
				B7F412C625319C5400ABDC1C /* WMGaugeViewStyle3D.m in Sources */,
				B7AAA7EE252F0084008858D2 /* SceneDelegate.swift in Sources */,
				B7F412C525319C5400ABDC1C /* WMGaugeViewStyleFlatThin.m in Sources */,
			);
			runOnlyForDeploymentPostprocessing = 0;
		};
/* End PBXSourcesBuildPhase section */

/* Begin PBXVariantGroup section */
		B7AAA7F1252F0084008858D2 /* Main.storyboard */ = {
			isa = PBXVariantGroup;
			children = (
				B7AAA7F2252F0084008858D2 /* Base */,
			);
			name = Main.storyboard;
			sourceTree = "<group>";
		};
		B7AAA7F6252F0085008858D2 /* LaunchScreen.storyboard */ = {
			isa = PBXVariantGroup;
			children = (
				B7AAA7F7252F0085008858D2 /* Base */,
			);
			name = LaunchScreen.storyboard;
			sourceTree = "<group>";
		};
/* End PBXVariantGroup section */

/* Begin XCBuildConfiguration section */
		B7AAA7FA252F0085008858D2 /* Debug */ = {
			isa = XCBuildConfiguration;
			buildSettings = {
				ALWAYS_SEARCH_USER_PATHS = NO;
				CLANG_ANALYZER_NONNULL = YES;
				CLANG_ANALYZER_NUMBER_OBJECT_CONVERSION = YES_AGGRESSIVE;
				CLANG_CXX_LANGUAGE_STANDARD = "gnu++14";
				CLANG_CXX_LIBRARY = "libc++";
				CLANG_ENABLE_MODULES = YES;
				CLANG_ENABLE_OBJC_ARC = YES;
				CLANG_ENABLE_OBJC_WEAK = YES;
				CLANG_WARN_BLOCK_CAPTURE_AUTORELEASING = YES;
				CLANG_WARN_BOOL_CONVERSION = YES;
				CLANG_WARN_COMMA = YES;
				CLANG_WARN_CONSTANT_CONVERSION = YES;
				CLANG_WARN_DEPRECATED_OBJC_IMPLEMENTATIONS = YES;
				CLANG_WARN_DIRECT_OBJC_ISA_USAGE = YES_ERROR;
				CLANG_WARN_DOCUMENTATION_COMMENTS = YES;
				CLANG_WARN_EMPTY_BODY = YES;
				CLANG_WARN_ENUM_CONVERSION = YES;
				CLANG_WARN_INFINITE_RECURSION = YES;
				CLANG_WARN_INT_CONVERSION = YES;
				CLANG_WARN_NON_LITERAL_NULL_CONVERSION = YES;
				CLANG_WARN_OBJC_IMPLICIT_RETAIN_SELF = YES;
				CLANG_WARN_OBJC_LITERAL_CONVERSION = YES;
				CLANG_WARN_OBJC_ROOT_CLASS = YES_ERROR;
				CLANG_WARN_QUOTED_INCLUDE_IN_FRAMEWORK_HEADER = YES;
				CLANG_WARN_RANGE_LOOP_ANALYSIS = YES;
				CLANG_WARN_STRICT_PROTOTYPES = YES;
				CLANG_WARN_SUSPICIOUS_MOVE = YES;
				CLANG_WARN_UNGUARDED_AVAILABILITY = YES_AGGRESSIVE;
				CLANG_WARN_UNREACHABLE_CODE = YES;
				CLANG_WARN__DUPLICATE_METHOD_MATCH = YES;
				COPY_PHASE_STRIP = NO;
				DEBUG_INFORMATION_FORMAT = dwarf;
				ENABLE_STRICT_OBJC_MSGSEND = YES;
				ENABLE_TESTABILITY = YES;
				GCC_C_LANGUAGE_STANDARD = gnu11;
				GCC_DYNAMIC_NO_PIC = NO;
				GCC_NO_COMMON_BLOCKS = YES;
				GCC_OPTIMIZATION_LEVEL = 0;
				GCC_PREPROCESSOR_DEFINITIONS = (
					"DEBUG=1",
					"$(inherited)",
				);
				GCC_WARN_64_TO_32_BIT_CONVERSION = YES;
				GCC_WARN_ABOUT_RETURN_TYPE = YES_ERROR;
				GCC_WARN_UNDECLARED_SELECTOR = YES;
				GCC_WARN_UNINITIALIZED_AUTOS = YES_AGGRESSIVE;
				GCC_WARN_UNUSED_FUNCTION = YES;
				GCC_WARN_UNUSED_VARIABLE = YES;
				IPHONEOS_DEPLOYMENT_TARGET = 14.0;
				MTL_ENABLE_DEBUG_INFO = INCLUDE_SOURCE;
				MTL_FAST_MATH = YES;
				ONLY_ACTIVE_ARCH = YES;
				SDKROOT = iphoneos;
				SWIFT_ACTIVE_COMPILATION_CONDITIONS = DEBUG;
				SWIFT_OPTIMIZATION_LEVEL = "-Onone";
			};
			name = Debug;
		};
		B7AAA7FB252F0085008858D2 /* Release */ = {
			isa = XCBuildConfiguration;
			buildSettings = {
				ALWAYS_SEARCH_USER_PATHS = NO;
				CLANG_ANALYZER_NONNULL = YES;
				CLANG_ANALYZER_NUMBER_OBJECT_CONVERSION = YES_AGGRESSIVE;
				CLANG_CXX_LANGUAGE_STANDARD = "gnu++14";
				CLANG_CXX_LIBRARY = "libc++";
				CLANG_ENABLE_MODULES = YES;
				CLANG_ENABLE_OBJC_ARC = YES;
				CLANG_ENABLE_OBJC_WEAK = YES;
				CLANG_WARN_BLOCK_CAPTURE_AUTORELEASING = YES;
				CLANG_WARN_BOOL_CONVERSION = YES;
				CLANG_WARN_COMMA = YES;
				CLANG_WARN_CONSTANT_CONVERSION = YES;
				CLANG_WARN_DEPRECATED_OBJC_IMPLEMENTATIONS = YES;
				CLANG_WARN_DIRECT_OBJC_ISA_USAGE = YES_ERROR;
				CLANG_WARN_DOCUMENTATION_COMMENTS = YES;
				CLANG_WARN_EMPTY_BODY = YES;
				CLANG_WARN_ENUM_CONVERSION = YES;
				CLANG_WARN_INFINITE_RECURSION = YES;
				CLANG_WARN_INT_CONVERSION = YES;
				CLANG_WARN_NON_LITERAL_NULL_CONVERSION = YES;
				CLANG_WARN_OBJC_IMPLICIT_RETAIN_SELF = YES;
				CLANG_WARN_OBJC_LITERAL_CONVERSION = YES;
				CLANG_WARN_OBJC_ROOT_CLASS = YES_ERROR;
				CLANG_WARN_QUOTED_INCLUDE_IN_FRAMEWORK_HEADER = YES;
				CLANG_WARN_RANGE_LOOP_ANALYSIS = YES;
				CLANG_WARN_STRICT_PROTOTYPES = YES;
				CLANG_WARN_SUSPICIOUS_MOVE = YES;
				CLANG_WARN_UNGUARDED_AVAILABILITY = YES_AGGRESSIVE;
				CLANG_WARN_UNREACHABLE_CODE = YES;
				CLANG_WARN__DUPLICATE_METHOD_MATCH = YES;
				COPY_PHASE_STRIP = NO;
				DEBUG_INFORMATION_FORMAT = "dwarf-with-dsym";
				ENABLE_NS_ASSERTIONS = NO;
				ENABLE_STRICT_OBJC_MSGSEND = YES;
				GCC_C_LANGUAGE_STANDARD = gnu11;
				GCC_NO_COMMON_BLOCKS = YES;
				GCC_WARN_64_TO_32_BIT_CONVERSION = YES;
				GCC_WARN_ABOUT_RETURN_TYPE = YES_ERROR;
				GCC_WARN_UNDECLARED_SELECTOR = YES;
				GCC_WARN_UNINITIALIZED_AUTOS = YES_AGGRESSIVE;
				GCC_WARN_UNUSED_FUNCTION = YES;
				GCC_WARN_UNUSED_VARIABLE = YES;
				IPHONEOS_DEPLOYMENT_TARGET = 14.0;
				MTL_ENABLE_DEBUG_INFO = NO;
				MTL_FAST_MATH = YES;
				SDKROOT = iphoneos;
				SWIFT_COMPILATION_MODE = wholemodule;
				SWIFT_OPTIMIZATION_LEVEL = "-O";
				VALIDATE_PRODUCT = YES;
			};
			name = Release;
		};
		B7AAA7FD252F0085008858D2 /* Debug */ = {
			isa = XCBuildConfiguration;
			buildSettings = {
				ASSETCATALOG_COMPILER_APPICON_NAME = AppIcon;
				ASSETCATALOG_COMPILER_GLOBAL_ACCENT_COLOR_NAME = AccentColor;
				CLANG_ENABLE_MODULES = YES;
				CODE_SIGN_STYLE = Automatic;
				DEVELOPMENT_TEAM = 89H9PA666U;
				INFOPLIST_FILE = SimpleTuner/Info.plist;
				LD_RUNPATH_SEARCH_PATHS = (
					"$(inherited)",
					"@executable_path/Frameworks",
				);
				PRODUCT_BUNDLE_IDENTIFIER = com.janm31415.SimpleTuner;
				PRODUCT_NAME = "$(TARGET_NAME)";
				SWIFT_OBJC_BRIDGING_HEADER = "SimpleTuner-Bridging-Header.h";
				SWIFT_OPTIMIZATION_LEVEL = "-Onone";
				SWIFT_VERSION = 5.0;
				TARGETED_DEVICE_FAMILY = "1,2";
			};
			name = Debug;
		};
		B7AAA7FE252F0085008858D2 /* Release */ = {
			isa = XCBuildConfiguration;
			buildSettings = {
				ASSETCATALOG_COMPILER_APPICON_NAME = AppIcon;
				ASSETCATALOG_COMPILER_GLOBAL_ACCENT_COLOR_NAME = AccentColor;
				CLANG_ENABLE_MODULES = YES;
				CODE_SIGN_STYLE = Automatic;
				DEVELOPMENT_TEAM = 89H9PA666U;
				INFOPLIST_FILE = SimpleTuner/Info.plist;
				LD_RUNPATH_SEARCH_PATHS = (
					"$(inherited)",
					"@executable_path/Frameworks",
				);
				PRODUCT_BUNDLE_IDENTIFIER = com.janm31415.SimpleTuner;
				PRODUCT_NAME = "$(TARGET_NAME)";
				SWIFT_OBJC_BRIDGING_HEADER = "SimpleTuner-Bridging-Header.h";
				SWIFT_VERSION = 5.0;
				TARGETED_DEVICE_FAMILY = "1,2";
			};
			name = Release;
		};
/* End XCBuildConfiguration section */

/* Begin XCConfigurationList section */
		B7AAA7E3252F0084008858D2 /* Build configuration list for PBXProject "SimpleTuner" */ = {
			isa = XCConfigurationList;
			buildConfigurations = (
				B7AAA7FA252F0085008858D2 /* Debug */,
				B7AAA7FB252F0085008858D2 /* Release */,
			);
			defaultConfigurationIsVisible = 0;
			defaultConfigurationName = Release;
		};
		B7AAA7FC252F0085008858D2 /* Build configuration list for PBXNativeTarget "SimpleTuner" */ = {
			isa = XCConfigurationList;
			buildConfigurations = (
				B7AAA7FD252F0085008858D2 /* Debug */,
				B7AAA7FE252F0085008858D2 /* Release */,
			);
			defaultConfigurationIsVisible = 0;
			defaultConfigurationName = Release;
		};
/* End XCConfigurationList section */

/* Begin XCRemoteSwiftPackageReference section */
		B7AAA800252F020B008858D2 /* XCRemoteSwiftPackageReference "AudioKit" */ = {
			isa = XCRemoteSwiftPackageReference;
			repositoryURL = "https://github.com/AudioKit/AudioKit";
			requirement = {
				branch = "v5-master";
				kind = branch;
			};
		};
/* End XCRemoteSwiftPackageReference section */

/* Begin XCSwiftPackageProductDependency section */
		B7AAA801252F020B008858D2 /* AudioKit */ = {
			isa = XCSwiftPackageProductDependency;
			package = B7AAA800252F020B008858D2 /* XCRemoteSwiftPackageReference "AudioKit" */;
			productName = AudioKit;
		};
/* End XCSwiftPackageProductDependency section */
	};
	rootObject = B7AAA7E0252F0084008858D2 /* Project object */;
}
